{
  "name": "workspace",
  "lockfileVersion": 3,
  "requires": true,
  "packages": {
    "": {
      "dependencies": {
        "eta": "^3.1.1"
      }
    },
    "node_modules/eta": {
      "version": "3.1.1",
      "resolved": "https://registry.npmjs.org/eta/-/eta-3.1.1.tgz",
      "integrity": "sha512-GVKq8BhYjvGiwKAnvPOnTwAHach3uHglvW0nG9gjEmo8ZIe8HR1aCLdQ97jlxXPcCWhB6E3rDWOk2fahFKG5Cw==",
      "engines": {
        "node": ">=6.0.0"
      },
      "funding": {
        "url": "https://github.com/eta-dev/eta?sponsor=1"
      }
    }
  }
}
